
Microsoft Visual Studio Solution File, Format Version 12.00
# Visual Studio Version 17
VisualStudioVersion = 17.6.33815.320
MinimumVisualStudioVersion = 10.0.40219.1
Project("{9A19103F-16F7-4668-BE54-9A1E7A4F7556}") = "KidsService", "KidsService\KidsService.csproj", "{364A6852-E078-4ED3-B52A-8583BC5B66AA}"
EndProject
Project("{9A19103F-16F7-4668-BE54-9A1E7A4F7556}") = "KidsServiceBLL", "KidsServiceBLL\KidsServiceBLL.csproj", "{87A1021C-A29C-43F7-BE5C-B02F003E50D3}"
EndProject
Project("{FAE04EC0-301F-11D3-BF4B-00C04F79EFBC}") = "Web API", "Web API\Web API.csproj", "{21ACE7C2-5933-4580-B1FD-D1BF64FEE874}"
EndProject
Global
	GlobalSection(SolutionConfigurationPlatforms) = preSolution
		Debug|Any CPU = Debug|Any CPU
		Release|Any CPU = Release|Any CPU
	EndGlobalSection
	GlobalSection(ProjectConfigurationPlatforms) = postSolution
		{364A6852-E078-4ED3-B52A-8583BC5B66AA}.Debug|Any CPU.ActiveCfg = Debug|Any CPU
		{364A6852-E078-4ED3-B52A-8583BC5B66AA}.Debug|Any CPU.Build.0 = Debug|Any CPU
		{364A6852-E078-4ED3-B52A-8583BC5B66AA}.Release|Any CPU.ActiveCfg = Release|Any CPU
		{364A6852-E078-4ED3-B52A-8583BC5B66AA}.Release|Any CPU.Build.0 = Release|Any CPU
		{87A1021C-A29C-43F7-BE5C-B02F003E50D3}.Debug|Any CPU.ActiveCfg = Debug|Any CPU
		{87A1021C-A29C-43F7-BE5C-B02F003E50D3}.Debug|Any CPU.Build.0 = Debug|Any CPU
		{87A1021C-A29C-43F7-BE5C-B02F003E50D3}.Release|Any CPU.ActiveCfg = Release|Any CPU
		{87A1021C-A29C-43F7-BE5C-B02F003E50D3}.Release|Any CPU.Build.0 = Release|Any CPU
		{21ACE7C2-5933-4580-B1FD-D1BF64FEE874}.Debug|Any CPU.ActiveCfg = Debug|Any CPU
		{21ACE7C2-5933-4580-B1FD-D1BF64FEE874}.Debug|Any CPU.Build.0 = Debug|Any CPU
		{21ACE7C2-5933-4580-B1FD-D1BF64FEE874}.Release|Any CPU.ActiveCfg = Release|Any CPU
		{21ACE7C2-5933-4580-B1FD-D1BF64FEE874}.Release|Any CPU.Build.0 = Release|Any CPU
	EndGlobalSection
	GlobalSection(SolutionProperties) = preSolution
		HideSolutionNode = FALSE
	EndGlobalSection
	GlobalSection(ExtensibilityGlobals) = postSolution
		SolutionGuid = {1F311943-DC19-4106-BDDA-4B7F6BA7782E}
	EndGlobalSection
EndGlobal
